Microsoft Visual Studio Solution File, Format Version 12.00
# Visual Studio Version 17
VisualStudioVersion = 17.5.2.0
MinimumVisualStudioVersion = 10.0.40219.1
Project("{FAE04EC0-301F-11D3-BF4B-00C04F79EFBC}") = "Ejersicio2", "Ejersicio2.csproj", "{04C646A9-72DE-C05F-9565-88A4F81F375E}"
EndProject
Global
	GlobalSection(SolutionConfigurationPlatforms) = preSolution
		Debug|Any CPU = Debug|Any CPU
		Release|Any CPU = Release|Any CPU
	EndGlobalSection
	GlobalSection(ProjectConfigurationPlatforms) = postSolution
		{04C646A9-72DE-C05F-9565-88A4F81F375E}.Debug|Any CPU.ActiveCfg = Debug|Any CPU
		{04C646A9-72DE-C05F-9565-88A4F81F375E}.Debug|Any CPU.Build.0 = Debug|Any CPU
		{04C646A9-72DE-C05F-9565-88A4F81F375E}.Release|Any CPU.ActiveCfg = Release|Any CPU
		{04C646A9-72DE-C05F-9565-88A4F81F375E}.Release|Any CPU.Build.0 = Release|Any CPU
	EndGlobalSection
	GlobalSection(SolutionProperties) = preSolution
		HideSolutionNode = FALSE
	EndGlobalSection
	GlobalSection(ExtensibilityGlobals) = postSolution
		SolutionGuid = {31D69B2B-73AA-421E-99DD-37034A6C8D54}
	EndGlobalSection
EndGlobal
